
Microsoft Visual Studio Solution File, Format Version 12.00
# Visual Studio Version 16
VisualStudioVersion = 25.0.1706.1
MinimumVisualStudioVersion = 10.0.40219.1
Project("{FAE04EC0-301F-11D3-BF4B-00C04F79EFBC}") = "Chess-Challenge", "Chess-Challenge.csproj", "{AC2BE532-CB91-4F77-9276-827328F588A8}"
EndProject
Global
	GlobalSection(SolutionConfigurationPlatforms) = preSolution
		Debug|Any CPU = Debug|Any CPU
		Release|Any CPU = Release|Any CPU
	EndGlobalSection
	GlobalSection(ProjectConfigurationPlatforms) = postSolution
		{AC2BE532-CB91-4F77-9276-827328F588A8}.Debug|Any CPU.ActiveCfg = Debug|Any CPU
		{AC2BE532-CB91-4F77-9276-827328F588A8}.Debug|Any CPU.Build.0 = Debug|Any CPU
		{AC2BE532-CB91-4F77-9276-827328F588A8}.Release|Any CPU.ActiveCfg = Release|Any CPU
		{AC2BE532-CB91-4F77-9276-827328F588A8}.Release|Any CPU.Build.0 = Release|Any CPU
	EndGlobalSection
	GlobalSection(SolutionProperties) = preSolution
		HideSolutionNode = FALSE
	EndGlobalSection
	GlobalSection(ExtensibilityGlobals) = postSolution
		SolutionGuid = {4D1A9208-6456-4E19-927D-9B53063C13E3}
	EndGlobalSection
EndGlobal
